<?xml version="1.0" encoding="utf-8"?>
<Project ToolsVersion="4.0" xmlns="http://schemas.microsoft.com/developer/msbuild/2003">
  <ItemGroup>
    <Filter Include="Common">
      <UniqueIdentifier>d123a615-9fe3-4f71-9234-9ddb3d3a358e</UniqueIdentifier>
    </Filter>
    <Filter Include="Assets">
      <UniqueIdentifier>c00b05d5-9fe0-4ed9-9210-53ac9b9efa4f</UniqueIdentifier>
      <Extensions>bmp;fbx;gif;jpg;jpeg;tga;tiff;tif;png</Extensions>
    </Filter>
    <Filter Include="Content">
      <UniqueIdentifier>2ecf586a-56e1-4b12-9d2d-cc078f84ddc9</UniqueIdentifier>
    </Filter>
    <ClInclude Include="Common\DirectXHelper.h">
      <Filter>Common</Filter>
    </ClInclude>
    <ClInclude Include="Common\StepTimer.h">
      <Filter>Common</Filter>
    </ClInclude>
    <ClInclude Include="Common\DeviceResources.h">
      <Filter>Common</Filter>
    </ClInclude>
    <ClCompile Include="Common\DeviceResources.cpp">
      <Filter>Common</Filter>
    </ClCompile>
    <ClInclude Include="Content\GridRenderer.h">
      <Filter>Content</Filter>
    </ClInclude>
    <ClCompile Include="Content\GridRenderer.cpp">
      <Filter>Content</Filter>
    </ClCompile>
    <Image Include="Assets\LockScreenLogo.scale-200.png">
      <Filter>Assets</Filter>
    </Image>
    <Image Include="Assets\SplashScreen.scale-200.png">
      <Filter>Assets</Filter>
    </Image>
    <Image Include="Assets\Square150x150Logo.scale-200.png">
      <Filter>Assets</Filter>
    </Image>
    <Image Include="Assets\Square44x44Logo.scale-200.png">
      <Filter>Assets</Filter>
    </Image>
    <Image Include="Assets\Square44x44Logo.targetsize-24_altform-unplated.png">
      <Filter>Assets</Filter>
    </Image>
    <Image Include="Assets\Wide310x150Logo.scale-200.png">
      <Filter>Assets</Filter>
    </Image>
    <Filter Include="Content\Shaders">
      <UniqueIdentifier>{287a358e-6fdb-4839-8152-59f17cc1dc3e}</UniqueIdentifier>
    </Filter>
  </ItemGroup>
  <ItemGroup>
    <ClCompile Include="App.cpp" />
    <ClCompile Include="MyGridMain.cpp" />
    <ClCompile Include="pch.cpp" />
  </ItemGroup>
  <ItemGroup>
    <ClInclude Include="App.h" />
    <ClInclude Include="MyGridMain.h" />
    <ClInclude Include="pch.h" />
  </ItemGroup>
  <ItemGroup>
    <Image Include="Assets\StoreLogo.png">
      <Filter>Assets</Filter>
    </Image>
  </ItemGroup>
  <ItemGroup>
    <AppxManifest Include="Package.appxmanifest" />
  </ItemGroup>
  <ItemGroup>
    <FxCompile Include="Content\GridPixelShader.hlsl">
      <Filter>Content\Shaders</Filter>
    </FxCompile>
    <FxCompile Include="Content\GridVertexShader.hlsl">
      <Filter>Content\Shaders</Filter>
    </FxCompile>
    <FxCompile Include="Content\GridGeometryShader.hlsl">
      <Filter>Content\Shaders</Filter>
    </FxCompile>
  </ItemGroup>
</Project>